// !$*UTF8*$!
{
	archiveVersion = 1;
	classes = {
	};
	objectVersion = 56;
	objects = {

/* Begin PBXBuildFile section */
		1806350F29569A540013369D /* MeetCosApp.swift in Sources */ = {isa = PBXBuildFile; fileRef = 1806350E29569A540013369D /* MeetCosApp.swift */; };
		1806351129569A540013369D /* HomeView.swift in Sources */ = {isa = PBXBuildFile; fileRef = 1806351029569A540013369D /* HomeView.swift */; };
		1806351329569A560013369D /* Assets.xcassets in Resources */ = {isa = PBXBuildFile; fileRef = 1806351229569A560013369D /* Assets.xcassets */; };
		1806351629569A560013369D /* Preview Assets.xcassets in Resources */ = {isa = PBXBuildFile; fileRef = 1806351529569A560013369D /* Preview Assets.xcassets */; };
		182AA198296A857B00128DE5 /* HomeViewModel.swift in Sources */ = {isa = PBXBuildFile; fileRef = 182AA197296A857B00128DE5 /* HomeViewModel.swift */; };
		182AA19A297178AA00128DE5 /* SheetView.swift in Sources */ = {isa = PBXBuildFile; fileRef = 182AA199297178AA00128DE5 /* SheetView.swift */; };
		182AA19C29718B5400128DE5 /* FormView.swift in Sources */ = {isa = PBXBuildFile; fileRef = 182AA19B29718B5400128DE5 /* FormView.swift */; };
		182AA19E2972942300128DE5 /* InputRowsView.swift in Sources */ = {isa = PBXBuildFile; fileRef = 182AA19D2972942300128DE5 /* InputRowsView.swift */; };
		182AA1A02976CFBA00128DE5 /* SheetViewModel.swift in Sources */ = {isa = PBXBuildFile; fileRef = 182AA19F2976CFBA00128DE5 /* SheetViewModel.swift */; };
		182F3B9A2A078FD0005EDFB5 /* HistoryViewModel.swift in Sources */ = {isa = PBXBuildFile; fileRef = 182F3B992A078FD0005EDFB5 /* HistoryViewModel.swift */; };
		182F3B9C2A079475005EDFB5 /* HistoryView.swift in Sources */ = {isa = PBXBuildFile; fileRef = 182F3B9B2A079475005EDFB5 /* HistoryView.swift */; };
		182F3B9E2A07BB37005EDFB5 /* HistoryListViewModelProtocol.swift in Sources */ = {isa = PBXBuildFile; fileRef = 182F3B9D2A07BB37005EDFB5 /* HistoryListViewModelProtocol.swift */; };
		182F3BA02A07BB8C005EDFB5 /* HistoryListViewModel.swift in Sources */ = {isa = PBXBuildFile; fileRef = 182F3B9F2A07BB8C005EDFB5 /* HistoryListViewModel.swift */; };
		182F3BA22A07BBDD005EDFB5 /* HistoryViewModelProtocol.swift in Sources */ = {isa = PBXBuildFile; fileRef = 182F3BA12A07BBDD005EDFB5 /* HistoryViewModelProtocol.swift */; };
		182F3BA42A0BD392005EDFB5 /* Session+Conformances.swift in Sources */ = {isa = PBXBuildFile; fileRef = 182F3BA32A0BD392005EDFB5 /* Session+Conformances.swift */; };
		182F3BA62A0BD3CD005EDFB5 /* SessionProtocol.swift in Sources */ = {isa = PBXBuildFile; fileRef = 182F3BA52A0BD3CD005EDFB5 /* SessionProtocol.swift */; };
		1837DAE629CEED85007B8E5B /* TimePickerViewModel.swift in Sources */ = {isa = PBXBuildFile; fileRef = 1837DAE529CEED85007B8E5B /* TimePickerViewModel.swift */; };
		1837DAEA29D80DF5007B8E5B /* SessionModel.swift in Sources */ = {isa = PBXBuildFile; fileRef = 1837DAE929D80DF5007B8E5B /* SessionModel.swift */; };
		18382DF029FFF3830022596A /* ResultView.swift in Sources */ = {isa = PBXBuildFile; fileRef = 18382DEF29FFF3830022596A /* ResultView.swift */; };
		18382DF22A0253FD0022596A /* ResultViewModel.swift in Sources */ = {isa = PBXBuildFile; fileRef = 18382DF12A0253FD0022596A /* ResultViewModel.swift */; };
		185D088F2A0EF67C00A947C4 /* CurrencyTextField.swift in Sources */ = {isa = PBXBuildFile; fileRef = 185D088E2A0EF67C00A947C4 /* CurrencyTextField.swift */; };
		1863141829B15AD4003123AB /* Expense.swift in Sources */ = {isa = PBXBuildFile; fileRef = 1863141729B15AD4003123AB /* Expense.swift */; };
		1863141A29B15AE8003123AB /* TimePickerView.swift in Sources */ = {isa = PBXBuildFile; fileRef = 1863141929B15AE8003123AB /* TimePickerView.swift */; };
		1897743429E281900039A58A /* SharedData.swift in Sources */ = {isa = PBXBuildFile; fileRef = 1897743329E281900039A58A /* SharedData.swift */; };
		1897743629E2882E0039A58A /* CountDownTimerViewModel.swift in Sources */ = {isa = PBXBuildFile; fileRef = 1897743529E2882E0039A58A /* CountDownTimerViewModel.swift */; };
		1897743829E28B8E0039A58A /* CountDownTimerView.swift in Sources */ = {isa = PBXBuildFile; fileRef = 1897743729E28B8E0039A58A /* CountDownTimerView.swift */; };
		189DDFE12A1084D000CB6FB4 /* AnimatedLaunchScreen.swift in Sources */ = {isa = PBXBuildFile; fileRef = 189DDFE02A1084CF00CB6FB4 /* AnimatedLaunchScreen.swift */; };
		189DDFE42A10D85300CB6FB4 /* Lottie in Frameworks */ = {isa = PBXBuildFile; productRef = 189DDFE32A10D85300CB6FB4 /* Lottie */; };
		189DDFEA2A1108D700CB6FB4 /* insights.json in Resources */ = {isa = PBXBuildFile; fileRef = 189DDFE92A1108D700CB6FB4 /* insights.json */; };
		189DDFEC2A156E0C00CB6FB4 /* WebView.swift in Sources */ = {isa = PBXBuildFile; fileRef = 189DDFEB2A156E0C00CB6FB4 /* WebView.swift */; };
		189DDFF02A15731900CB6FB4 /* FullScreenModalView.swift in Sources */ = {isa = PBXBuildFile; fileRef = 189DDFEF2A15731900CB6FB4 /* FullScreenModalView.swift */; };
		189DDFF22A1574E800CB6FB4 /* WebViewModel.swift in Sources */ = {isa = PBXBuildFile; fileRef = 189DDFF12A1574E800CB6FB4 /* WebViewModel.swift */; };
		18A18E8E2A061C6C00584DCC /* TabBar.swift in Sources */ = {isa = PBXBuildFile; fileRef = 18A18E8D2A061C6C00584DCC /* TabBar.swift */; };
		18A18E902A062A5200584DCC /* HistoryListView.swift in Sources */ = {isa = PBXBuildFile; fileRef = 18A18E8F2A062A5200584DCC /* HistoryListView.swift */; };
		18C17C2829BD762C0084B9CC /* Group+CoreDataProperties.swift in Sources */ = {isa = PBXBuildFile; fileRef = 18C17C2629BD762C0084B9CC /* Group+CoreDataProperties.swift */; };
		18C17C2B29BD7A3C0084B9CC /* Session+CoreDataClass.swift in Sources */ = {isa = PBXBuildFile; fileRef = 18C17C2929BD7A3B0084B9CC /* Session+CoreDataClass.swift */; };
		18C17C2C29BD7A3C0084B9CC /* Session+CoreDataProperties.swift in Sources */ = {isa = PBXBuildFile; fileRef = 18C17C2A29BD7A3B0084B9CC /* Session+CoreDataProperties.swift */; };
		18D0679329B15C1200B594C7 /* CoreData.xcdatamodeld in Sources */ = {isa = PBXBuildFile; fileRef = 18D0679129B15C1200B594C7 /* CoreData.xcdatamodeld */; };
		18D0679629B15C9300B594C7 /* Group+CoreDataClass.swift in Sources */ = {isa = PBXBuildFile; fileRef = 18D0679429B15C9200B594C7 /* Group+CoreDataClass.swift */; };
		18E03DBC29B2DB0B006CD4A7 /* Persistance.swift in Sources */ = {isa = PBXBuildFile; fileRef = 18E03DBB29B2DB0B006CD4A7 /* Persistance.swift */; };
		18E03DE229B69698006CD4A7 /* Utility.swift in Sources */ = {isa = PBXBuildFile; fileRef = 18E03DE129B69698006CD4A7 /* Utility.swift */; };
/* End PBXBuildFile section */

/* Begin PBXFileReference section */
		1806350B29569A540013369D /* MeetCos.app */ = {isa = PBXFileReference; explicitFileType = wrapper.application; includeInIndex = 0; path = MeetCos.app; sourceTree = BUILT_PRODUCTS_DIR; };
		1806350E29569A540013369D /* MeetCosApp.swift */ = {isa = PBXFileReference; lastKnownFileType = sourcecode.swift; path = MeetCosApp.swift; sourceTree = "<group>"; };
		1806351029569A540013369D /* HomeView.swift */ = {isa = PBXFileReference; lastKnownFileType = sourcecode.swift; path = HomeView.swift; sourceTree = "<group>"; };
		1806351229569A560013369D /* Assets.xcassets */ = {isa = PBXFileReference; lastKnownFileType = folder.assetcatalog; path = Assets.xcassets; sourceTree = "<group>"; };
		1806351529569A560013369D /* Preview Assets.xcassets */ = {isa = PBXFileReference; lastKnownFileType = folder.assetcatalog; path = "Preview Assets.xcassets"; sourceTree = "<group>"; };
		182AA197296A857B00128DE5 /* HomeViewModel.swift */ = {isa = PBXFileReference; lastKnownFileType = sourcecode.swift; path = HomeViewModel.swift; sourceTree = "<group>"; };
		182AA199297178AA00128DE5 /* SheetView.swift */ = {isa = PBXFileReference; lastKnownFileType = sourcecode.swift; path = SheetView.swift; sourceTree = "<group>"; };
		182AA19B29718B5400128DE5 /* FormView.swift */ = {isa = PBXFileReference; lastKnownFileType = sourcecode.swift; path = FormView.swift; sourceTree = "<group>"; wrapsLines = 0; };
		182AA19D2972942300128DE5 /* InputRowsView.swift */ = {isa = PBXFileReference; lastKnownFileType = sourcecode.swift; path = InputRowsView.swift; sourceTree = "<group>"; };
		182AA19F2976CFBA00128DE5 /* SheetViewModel.swift */ = {isa = PBXFileReference; lastKnownFileType = sourcecode.swift; path = SheetViewModel.swift; sourceTree = "<group>"; wrapsLines = 0; };
		182AA1A12981223800128DE5 /* Info.plist */ = {isa = PBXFileReference; lastKnownFileType = text.plist; path = Info.plist; sourceTree = "<group>"; };
		182F3B992A078FD0005EDFB5 /* HistoryViewModel.swift */ = {isa = PBXFileReference; lastKnownFileType = sourcecode.swift; path = HistoryViewModel.swift; sourceTree = "<group>"; };
		182F3B9B2A079475005EDFB5 /* HistoryView.swift */ = {isa = PBXFileReference; lastKnownFileType = sourcecode.swift; path = HistoryView.swift; sourceTree = "<group>"; };
		182F3B9D2A07BB37005EDFB5 /* HistoryListViewModelProtocol.swift */ = {isa = PBXFileReference; lastKnownFileType = sourcecode.swift; path = HistoryListViewModelProtocol.swift; sourceTree = "<group>"; };
		182F3B9F2A07BB8C005EDFB5 /* HistoryListViewModel.swift */ = {isa = PBXFileReference; lastKnownFileType = sourcecode.swift; path = HistoryListViewModel.swift; sourceTree = "<group>"; };
		182F3BA12A07BBDD005EDFB5 /* HistoryViewModelProtocol.swift */ = {isa = PBXFileReference; lastKnownFileType = sourcecode.swift; path = HistoryViewModelProtocol.swift; sourceTree = "<group>"; };
		182F3BA32A0BD392005EDFB5 /* Session+Conformances.swift */ = {isa = PBXFileReference; lastKnownFileType = sourcecode.swift; path = "Session+Conformances.swift"; sourceTree = "<group>"; };
		182F3BA52A0BD3CD005EDFB5 /* SessionProtocol.swift */ = {isa = PBXFileReference; lastKnownFileType = sourcecode.swift; path = SessionProtocol.swift; sourceTree = "<group>"; };
		1837DAE529CEED85007B8E5B /* TimePickerViewModel.swift */ = {isa = PBXFileReference; lastKnownFileType = sourcecode.swift; path = TimePickerViewModel.swift; sourceTree = "<group>"; };
		1837DAE929D80DF5007B8E5B /* SessionModel.swift */ = {isa = PBXFileReference; lastKnownFileType = sourcecode.swift; path = SessionModel.swift; sourceTree = "<group>"; };
		18382DEF29FFF3830022596A /* ResultView.swift */ = {isa = PBXFileReference; lastKnownFileType = sourcecode.swift; path = ResultView.swift; sourceTree = "<group>"; };
		18382DF12A0253FD0022596A /* ResultViewModel.swift */ = {isa = PBXFileReference; lastKnownFileType = sourcecode.swift; path = ResultViewModel.swift; sourceTree = "<group>"; };
		185D088E2A0EF67C00A947C4 /* CurrencyTextField.swift */ = {isa = PBXFileReference; lastKnownFileType = sourcecode.swift; path = CurrencyTextField.swift; sourceTree = "<group>"; };
		1863141729B15AD4003123AB /* Expense.swift */ = {isa = PBXFileReference; fileEncoding = 4; lastKnownFileType = sourcecode.swift; path = Expense.swift; sourceTree = "<group>"; };
		1863141929B15AE8003123AB /* TimePickerView.swift */ = {isa = PBXFileReference; fileEncoding = 4; lastKnownFileType = sourcecode.swift; path = TimePickerView.swift; sourceTree = "<group>"; };
		1897743329E281900039A58A /* SharedData.swift */ = {isa = PBXFileReference; lastKnownFileType = sourcecode.swift; path = SharedData.swift; sourceTree = "<group>"; };
		1897743529E2882E0039A58A /* CountDownTimerViewModel.swift */ = {isa = PBXFileReference; lastKnownFileType = sourcecode.swift; path = CountDownTimerViewModel.swift; sourceTree = "<group>"; };
		1897743729E28B8E0039A58A /* CountDownTimerView.swift */ = {isa = PBXFileReference; lastKnownFileType = sourcecode.swift; path = CountDownTimerView.swift; sourceTree = "<group>"; };
		189DDFE02A1084CF00CB6FB4 /* AnimatedLaunchScreen.swift */ = {isa = PBXFileReference; lastKnownFileType = sourcecode.swift; path = AnimatedLaunchScreen.swift; sourceTree = "<group>"; };
		189DDFE92A1108D700CB6FB4 /* insights.json */ = {isa = PBXFileReference; fileEncoding = 4; lastKnownFileType = text.json; path = insights.json; sourceTree = "<group>"; };
		189DDFEB2A156E0C00CB6FB4 /* WebView.swift */ = {isa = PBXFileReference; lastKnownFileType = sourcecode.swift; path = WebView.swift; sourceTree = "<group>"; };
		189DDFEF2A15731900CB6FB4 /* FullScreenModalView.swift */ = {isa = PBXFileReference; lastKnownFileType = sourcecode.swift; path = FullScreenModalView.swift; sourceTree = "<group>"; };
		189DDFF12A1574E800CB6FB4 /* WebViewModel.swift */ = {isa = PBXFileReference; lastKnownFileType = sourcecode.swift; path = WebViewModel.swift; sourceTree = "<group>"; };
		18A18E8D2A061C6C00584DCC /* TabBar.swift */ = {isa = PBXFileReference; lastKnownFileType = sourcecode.swift; path = TabBar.swift; sourceTree = "<group>"; };
		18A18E8F2A062A5200584DCC /* HistoryListView.swift */ = {isa = PBXFileReference; lastKnownFileType = sourcecode.swift; path = HistoryListView.swift; sourceTree = "<group>"; };
		18C17C2629BD762C0084B9CC /* Group+CoreDataProperties.swift */ = {isa = PBXFileReference; lastKnownFileType = sourcecode.swift; path = "Group+CoreDataProperties.swift"; sourceTree = "<group>"; };
		18C17C2929BD7A3B0084B9CC /* Session+CoreDataClass.swift */ = {isa = PBXFileReference; lastKnownFileType = sourcecode.swift; path = "Session+CoreDataClass.swift"; sourceTree = "<group>"; };
		18C17C2A29BD7A3B0084B9CC /* Session+CoreDataProperties.swift */ = {isa = PBXFileReference; lastKnownFileType = sourcecode.swift; path = "Session+CoreDataProperties.swift"; sourceTree = "<group>"; };
		18D0679229B15C1200B594C7 /* CoreData.xcdatamodel */ = {isa = PBXFileReference; lastKnownFileType = wrapper.xcdatamodel; path = CoreData.xcdatamodel; sourceTree = "<group>"; };
		18D0679429B15C9200B594C7 /* Group+CoreDataClass.swift */ = {isa = PBXFileReference; lastKnownFileType = sourcecode.swift; path = "Group+CoreDataClass.swift"; sourceTree = "<group>"; };
		18E03DBB29B2DB0B006CD4A7 /* Persistance.swift */ = {isa = PBXFileReference; lastKnownFileType = sourcecode.swift; path = Persistance.swift; sourceTree = "<group>"; };
		18E03DE129B69698006CD4A7 /* Utility.swift */ = {isa = PBXFileReference; lastKnownFileType = sourcecode.swift; path = Utility.swift; sourceTree = "<group>"; };
/* End PBXFileReference section */

/* Begin PBXFrameworksBuildPhase section */
		1806350829569A540013369D /* Frameworks */ = {
			isa = PBXFrameworksBuildPhase;
			buildActionMask = 2147483647;
			files = (
				189DDFE42A10D85300CB6FB4 /* Lottie in Frameworks */,
			);
			runOnlyForDeploymentPostprocessing = 0;
		};
/* End PBXFrameworksBuildPhase section */

/* Begin PBXGroup section */
		1806350229569A540013369D = {
			isa = PBXGroup;
			children = (
				18D0679129B15C1200B594C7 /* CoreData.xcdatamodeld */,
				1806350D29569A540013369D /* MeetCos */,
				1806350C29569A540013369D /* Products */,
			);
			sourceTree = "<group>";
		};
		1806350C29569A540013369D /* Products */ = {
			isa = PBXGroup;
			children = (
				1806350B29569A540013369D /* MeetCos.app */,
			);
			name = Products;
			sourceTree = "<group>";
		};
		1806350D29569A540013369D /* MeetCos */ = {
			isa = PBXGroup;
			children = (
				182AA1A12981223800128DE5 /* Info.plist */,
				1806350E29569A540013369D /* MeetCosApp.swift */,
				1806351C295A57730013369D /* Model */,
				1837DAE429CEED54007B8E5B /* ViewModel */,
				18AD0357296A7B27003D251B /* View */,
				1806351229569A560013369D /* Assets.xcassets */,
				189DDFE92A1108D700CB6FB4 /* insights.json */,
				1806351429569A560013369D /* Preview Content */,
			);
			path = MeetCos;
			sourceTree = "<group>";
		};
		1806351429569A560013369D /* Preview Content */ = {
			isa = PBXGroup;
			children = (
				1806351529569A560013369D /* Preview Assets.xcassets */,
			);
			path = "Preview Content";
			sourceTree = "<group>";
		};
		1806351C295A57730013369D /* Model */ = {
			isa = PBXGroup;
			children = (
				18D0679429B15C9200B594C7 /* Group+CoreDataClass.swift */,
				18C17C2629BD762C0084B9CC /* Group+CoreDataProperties.swift */,
				18C17C2929BD7A3B0084B9CC /* Session+CoreDataClass.swift */,
				18C17C2A29BD7A3B0084B9CC /* Session+CoreDataProperties.swift */,
				182F3BA32A0BD392005EDFB5 /* Session+Conformances.swift */,
				182F3BA52A0BD3CD005EDFB5 /* SessionProtocol.swift */,
				18E03DBB29B2DB0B006CD4A7 /* Persistance.swift */,
				1863141729B15AD4003123AB /* Expense.swift */,
				18E03DE129B69698006CD4A7 /* Utility.swift */,
				1837DAE929D80DF5007B8E5B /* SessionModel.swift */,
				1897743329E281900039A58A /* SharedData.swift */,
			);
			path = Model;
			sourceTree = "<group>";
		};
		1837DAE429CEED54007B8E5B /* ViewModel */ = {
			isa = PBXGroup;
			children = (
				182AA197296A857B00128DE5 /* HomeViewModel.swift */,
				182AA19F2976CFBA00128DE5 /* SheetViewModel.swift */,
				1837DAE529CEED85007B8E5B /* TimePickerViewModel.swift */,
				1897743529E2882E0039A58A /* CountDownTimerViewModel.swift */,
				18382DF12A0253FD0022596A /* ResultViewModel.swift */,
				182F3B9D2A07BB37005EDFB5 /* HistoryListViewModelProtocol.swift */,
				182F3B9F2A07BB8C005EDFB5 /* HistoryListViewModel.swift */,
				182F3BA12A07BBDD005EDFB5 /* HistoryViewModelProtocol.swift */,
				182F3B992A078FD0005EDFB5 /* HistoryViewModel.swift */,
				189DDFF12A1574E800CB6FB4 /* WebViewModel.swift */,
			);
			path = ViewModel;
			sourceTree = "<group>";
		};
		18AD0357296A7B27003D251B /* View */ = {
			isa = PBXGroup;
			children = (
				189DDFE02A1084CF00CB6FB4 /* AnimatedLaunchScreen.swift */,
				18A18E8D2A061C6C00584DCC /* TabBar.swift */,
				189DDFEB2A156E0C00CB6FB4 /* WebView.swift */,
				189DDFEF2A15731900CB6FB4 /* FullScreenModalView.swift */,
				1806351029569A540013369D /* HomeView.swift */,
				182AA199297178AA00128DE5 /* SheetView.swift */,
				1863141929B15AE8003123AB /* TimePickerView.swift */,
				182AA19B29718B5400128DE5 /* FormView.swift */,
				182AA19D2972942300128DE5 /* InputRowsView.swift */,
				185D088E2A0EF67C00A947C4 /* CurrencyTextField.swift */,
				1897743729E28B8E0039A58A /* CountDownTimerView.swift */,
				18382DEF29FFF3830022596A /* ResultView.swift */,
				18A18E8F2A062A5200584DCC /* HistoryListView.swift */,
				182F3B9B2A079475005EDFB5 /* HistoryView.swift */,
			);
			path = View;
			sourceTree = "<group>";
		};
/* End PBXGroup section */

/* Begin PBXNativeTarget section */
		1806350A29569A540013369D /* MeetCos */ = {
			isa = PBXNativeTarget;
			buildConfigurationList = 1806351929569A560013369D /* Build configuration list for PBXNativeTarget "MeetCos" */;
			buildPhases = (
				1806350729569A540013369D /* Sources */,
				1806350829569A540013369D /* Frameworks */,
				1806350929569A540013369D /* Resources */,
			);
			buildRules = (
			);
			dependencies = (
			);
			name = MeetCos;
			packageProductDependencies = (
				189DDFE32A10D85300CB6FB4 /* Lottie */,
			);
			productName = MeetCos;
			productReference = 1806350B29569A540013369D /* MeetCos.app */;
			productType = "com.apple.product-type.application";
		};
/* End PBXNativeTarget section */

/* Begin PBXProject section */
		1806350329569A540013369D /* Project object */ = {
			isa = PBXProject;
			attributes = {
				BuildIndependentTargetsInParallel = 1;
				LastSwiftUpdateCheck = 1420;
				LastUpgradeCheck = 1420;
				TargetAttributes = {
					1806350A29569A540013369D = {
						CreatedOnToolsVersion = 14.2;
					};
				};
			};
			buildConfigurationList = 1806350629569A540013369D /* Build configuration list for PBXProject "MeetCos" */;
			compatibilityVersion = "Xcode 14.0";
			developmentRegion = en;
			hasScannedForEncodings = 0;
			knownRegions = (
				en,
				Base,
			);
			mainGroup = 1806350229569A540013369D;
			packageReferences = (
				189DDFE22A10D85300CB6FB4 /* XCRemoteSwiftPackageReference "lottie-ios" */,
			);
			productRefGroup = 1806350C29569A540013369D /* Products */;
			projectDirPath = "";
			projectRoot = "";
			targets = (
				1806350A29569A540013369D /* MeetCos */,
			);
		};
/* End PBXProject section */

/* Begin PBXResourcesBuildPhase section */
		1806350929569A540013369D /* Resources */ = {
			isa = PBXResourcesBuildPhase;
			buildActionMask = 2147483647;
			files = (
				189DDFEA2A1108D700CB6FB4 /* insights.json in Resources */,
				1806351629569A560013369D /* Preview Assets.xcassets in Resources */,
				1806351329569A560013369D /* Assets.xcassets in Resources */,
			);
			runOnlyForDeploymentPostprocessing = 0;
		};
/* End PBXResourcesBuildPhase section */

/* Begin PBXSourcesBuildPhase section */
		1806350729569A540013369D /* Sources */ = {
			isa = PBXSourcesBuildPhase;
			buildActionMask = 2147483647;
			files = (
				1863141829B15AD4003123AB /* Expense.swift in Sources */,
				18E03DBC29B2DB0B006CD4A7 /* Persistance.swift in Sources */,
				1863141A29B15AE8003123AB /* TimePickerView.swift in Sources */,
				189DDFF02A15731900CB6FB4 /* FullScreenModalView.swift in Sources */,
				18D0679329B15C1200B594C7 /* CoreData.xcdatamodeld in Sources */,
				18C17C2C29BD7A3C0084B9CC /* Session+CoreDataProperties.swift in Sources */,
				18C17C2829BD762C0084B9CC /* Group+CoreDataProperties.swift in Sources */,
				189DDFEC2A156E0C00CB6FB4 /* WebView.swift in Sources */,
				182F3BA62A0BD3CD005EDFB5 /* SessionProtocol.swift in Sources */,
				182F3BA02A07BB8C005EDFB5 /* HistoryListViewModel.swift in Sources */,
				1806351129569A540013369D /* HomeView.swift in Sources */,
				18A18E902A062A5200584DCC /* HistoryListView.swift in Sources */,
				182AA198296A857B00128DE5 /* HomeViewModel.swift in Sources */,
				18382DF22A0253FD0022596A /* ResultViewModel.swift in Sources */,
				189DDFF22A1574E800CB6FB4 /* WebViewModel.swift in Sources */,
				1897743829E28B8E0039A58A /* CountDownTimerView.swift in Sources */,
				182F3B9A2A078FD0005EDFB5 /* HistoryViewModel.swift in Sources */,
				18A18E8E2A061C6C00584DCC /* TabBar.swift in Sources */,
				182F3B9C2A079475005EDFB5 /* HistoryView.swift in Sources */,
				1837DAEA29D80DF5007B8E5B /* SessionModel.swift in Sources */,
				18D0679629B15C9300B594C7 /* Group+CoreDataClass.swift in Sources */,
				182AA19C29718B5400128DE5 /* FormView.swift in Sources */,
				182F3BA42A0BD392005EDFB5 /* Session+Conformances.swift in Sources */,
				182AA19A297178AA00128DE5 /* SheetView.swift in Sources */,
				189DDFE12A1084D000CB6FB4 /* AnimatedLaunchScreen.swift in Sources */,
				182F3BA22A07BBDD005EDFB5 /* HistoryViewModelProtocol.swift in Sources */,
				18382DF029FFF3830022596A /* ResultView.swift in Sources */,
				182AA19E2972942300128DE5 /* InputRowsView.swift in Sources */,
				1837DAE629CEED85007B8E5B /* TimePickerViewModel.swift in Sources */,
				18E03DE229B69698006CD4A7 /* Utility.swift in Sources */,
				1806350F29569A540013369D /* MeetCosApp.swift in Sources */,
				185D088F2A0EF67C00A947C4 /* CurrencyTextField.swift in Sources */,
				1897743429E281900039A58A /* SharedData.swift in Sources */,
				18C17C2B29BD7A3C0084B9CC /* Session+CoreDataClass.swift in Sources */,
				182F3B9E2A07BB37005EDFB5 /* HistoryListViewModelProtocol.swift in Sources */,
				1897743629E2882E0039A58A /* CountDownTimerViewModel.swift in Sources */,
				182AA1A02976CFBA00128DE5 /* SheetViewModel.swift in Sources */,
			);
			runOnlyForDeploymentPostprocessing = 0;
		};
/* End PBXSourcesBuildPhase section */

/* Begin XCBuildConfiguration section */
		1806351729569A560013369D /* Debug */ = {
			isa = XCBuildConfiguration;
			buildSettings = {
				ALWAYS_SEARCH_USER_PATHS = NO;
				CLANG_ANALYZER_NONNULL = YES;
				CLANG_ANALYZER_NUMBER_OBJECT_CONVERSION = YES_AGGRESSIVE;
				CLANG_CXX_LANGUAGE_STANDARD = "gnu++20";
				CLANG_ENABLE_MODULES = YES;
				CLANG_ENABLE_OBJC_ARC = YES;
				CLANG_ENABLE_OBJC_WEAK = YES;
				CLANG_WARN_BLOCK_CAPTURE_AUTORELEASING = YES;
				CLANG_WARN_BOOL_CONVERSION = YES;
				CLANG_WARN_COMMA = YES;
				CLANG_WARN_CONSTANT_CONVERSION = YES;
				CLANG_WARN_DEPRECATED_OBJC_IMPLEMENTATIONS = YES;
				CLANG_WARN_DIRECT_OBJC_ISA_USAGE = YES_ERROR;
				CLANG_WARN_DOCUMENTATION_COMMENTS = YES;
				CLANG_WARN_EMPTY_BODY = YES;
				CLANG_WARN_ENUM_CONVERSION = YES;
				CLANG_WARN_INFINITE_RECURSION = YES;
				CLANG_WARN_INT_CONVERSION = YES;
				CLANG_WARN_NON_LITERAL_NULL_CONVERSION = YES;
				CLANG_WARN_OBJC_IMPLICIT_RETAIN_SELF = YES;
				CLANG_WARN_OBJC_LITERAL_CONVERSION = YES;
				CLANG_WARN_OBJC_ROOT_CLASS = YES_ERROR;
				CLANG_WARN_QUOTED_INCLUDE_IN_FRAMEWORK_HEADER = YES;
				CLANG_WARN_RANGE_LOOP_ANALYSIS = YES;
				CLANG_WARN_STRICT_PROTOTYPES = YES;
				CLANG_WARN_SUSPICIOUS_MOVE = YES;
				CLANG_WARN_UNGUARDED_AVAILABILITY = YES_AGGRESSIVE;
				CLANG_WARN_UNREACHABLE_CODE = YES;
				CLANG_WARN__DUPLICATE_METHOD_MATCH = YES;
				COPY_PHASE_STRIP = NO;
				DEBUG_INFORMATION_FORMAT = dwarf;
				ENABLE_STRICT_OBJC_MSGSEND = YES;
				ENABLE_TESTABILITY = YES;
				GCC_C_LANGUAGE_STANDARD = gnu11;
				GCC_DYNAMIC_NO_PIC = NO;
				GCC_NO_COMMON_BLOCKS = YES;
				GCC_OPTIMIZATION_LEVEL = 0;
				GCC_PREPROCESSOR_DEFINITIONS = (
					"DEBUG=1",
					"$(inherited)",
				);
				GCC_WARN_64_TO_32_BIT_CONVERSION = YES;
				GCC_WARN_ABOUT_RETURN_TYPE = YES_ERROR;
				GCC_WARN_UNDECLARED_SELECTOR = YES;
				GCC_WARN_UNINITIALIZED_AUTOS = YES_AGGRESSIVE;
				GCC_WARN_UNUSED_FUNCTION = YES;
				GCC_WARN_UNUSED_VARIABLE = YES;
				IPHONEOS_DEPLOYMENT_TARGET = 16.2;
				MTL_ENABLE_DEBUG_INFO = INCLUDE_SOURCE;
				MTL_FAST_MATH = YES;
				ONLY_ACTIVE_ARCH = YES;
				SDKROOT = iphoneos;
				SWIFT_ACTIVE_COMPILATION_CONDITIONS = DEBUG;
				SWIFT_OPTIMIZATION_LEVEL = "-Onone";
			};
			name = Debug;
		};
		1806351829569A560013369D /* Release */ = {
			isa = XCBuildConfiguration;
			buildSettings = {
				ALWAYS_SEARCH_USER_PATHS = NO;
				CLANG_ANALYZER_NONNULL = YES;
				CLANG_ANALYZER_NUMBER_OBJECT_CONVERSION = YES_AGGRESSIVE;
				CLANG_CXX_LANGUAGE_STANDARD = "gnu++20";
				CLANG_ENABLE_MODULES = YES;
				CLANG_ENABLE_OBJC_ARC = YES;
				CLANG_ENABLE_OBJC_WEAK = YES;
				CLANG_WARN_BLOCK_CAPTURE_AUTORELEASING = YES;
				CLANG_WARN_BOOL_CONVERSION = YES;
				CLANG_WARN_COMMA = YES;
				CLANG_WARN_CONSTANT_CONVERSION = YES;
				CLANG_WARN_DEPRECATED_OBJC_IMPLEMENTATIONS = YES;
				CLANG_WARN_DIRECT_OBJC_ISA_USAGE = YES_ERROR;
				CLANG_WARN_DOCUMENTATION_COMMENTS = YES;
				CLANG_WARN_EMPTY_BODY = YES;
				CLANG_WARN_ENUM_CONVERSION = YES;
				CLANG_WARN_INFINITE_RECURSION = YES;
				CLANG_WARN_INT_CONVERSION = YES;
				CLANG_WARN_NON_LITERAL_NULL_CONVERSION = YES;
				CLANG_WARN_OBJC_IMPLICIT_RETAIN_SELF = YES;
				CLANG_WARN_OBJC_LITERAL_CONVERSION = YES;
				CLANG_WARN_OBJC_ROOT_CLASS = YES_ERROR;
				CLANG_WARN_QUOTED_INCLUDE_IN_FRAMEWORK_HEADER = YES;
				CLANG_WARN_RANGE_LOOP_ANALYSIS = YES;
				CLANG_WARN_STRICT_PROTOTYPES = YES;
				CLANG_WARN_SUSPICIOUS_MOVE = YES;
				CLANG_WARN_UNGUARDED_AVAILABILITY = YES_AGGRESSIVE;
				CLANG_WARN_UNREACHABLE_CODE = YES;
				CLANG_WARN__DUPLICATE_METHOD_MATCH = YES;
				COPY_PHASE_STRIP = NO;
				DEBUG_INFORMATION_FORMAT = "dwarf-with-dsym";
				ENABLE_NS_ASSERTIONS = NO;
				ENABLE_STRICT_OBJC_MSGSEND = YES;
				GCC_C_LANGUAGE_STANDARD = gnu11;
				GCC_NO_COMMON_BLOCKS = YES;
				GCC_WARN_64_TO_32_BIT_CONVERSION = YES;
				GCC_WARN_ABOUT_RETURN_TYPE = YES_ERROR;
				GCC_WARN_UNDECLARED_SELECTOR = YES;
				GCC_WARN_UNINITIALIZED_AUTOS = YES_AGGRESSIVE;
				GCC_WARN_UNUSED_FUNCTION = YES;
				GCC_WARN_UNUSED_VARIABLE = YES;
				IPHONEOS_DEPLOYMENT_TARGET = 16.2;
				MTL_ENABLE_DEBUG_INFO = NO;
				MTL_FAST_MATH = YES;
				SDKROOT = iphoneos;
				SWIFT_COMPILATION_MODE = wholemodule;
				SWIFT_OPTIMIZATION_LEVEL = "-O";
				VALIDATE_PRODUCT = YES;
			};
			name = Release;
		};
		1806351A29569A560013369D /* Debug */ = {
			isa = XCBuildConfiguration;
			buildSettings = {
				ASSETCATALOG_COMPILER_APPICON_NAME = AppIcon;
				ASSETCATALOG_COMPILER_GLOBAL_ACCENT_COLOR_NAME = AccentColor;
				ASSETCATALOG_COMPILER_INCLUDE_ALL_APPICON_ASSETS = YES;
				CODE_SIGN_STYLE = Automatic;
				CURRENT_PROJECT_VERSION = 1;
				DEVELOPMENT_ASSET_PATHS = "\"MeetCos/Preview Content\"";
				DEVELOPMENT_TEAM = 8BG588F6G9;
				ENABLE_PREVIEWS = YES;
				GENERATE_INFOPLIST_FILE = YES;
				INFOPLIST_FILE = MeetCos/Info.plist;
				INFOPLIST_KEY_UIApplicationSceneManifest_Generation = YES;
				INFOPLIST_KEY_UIApplicationSupportsIndirectInputEvents = YES;
				INFOPLIST_KEY_UILaunchScreen_Generation = YES;
				INFOPLIST_KEY_UIStatusBarStyle = "";
				INFOPLIST_KEY_UISupportedInterfaceOrientations = UIInterfaceOrientationPortrait;
				IPHONEOS_DEPLOYMENT_TARGET = 16.1;
				LD_RUNPATH_SEARCH_PATHS = (
					"$(inherited)",
					"@executable_path/Frameworks",
				);
				MARKETING_VERSION = 1.0;
				PRODUCT_BUNDLE_IDENTIFIER = igarashi.MeetCos;
				PRODUCT_NAME = "$(TARGET_NAME)";
				SWIFT_EMIT_LOC_STRINGS = YES;
				SWIFT_VERSION = 5.0;
				TARGETED_DEVICE_FAMILY = "1,2";
			};
			name = Debug;
		};
		1806351B29569A560013369D /* Release */ = {
			isa = XCBuildConfiguration;
			buildSettings = {
				ASSETCATALOG_COMPILER_APPICON_NAME = AppIcon;
				ASSETCATALOG_COMPILER_GLOBAL_ACCENT_COLOR_NAME = AccentColor;
				ASSETCATALOG_COMPILER_INCLUDE_ALL_APPICON_ASSETS = YES;
				CODE_SIGN_STYLE = Automatic;
				CURRENT_PROJECT_VERSION = 1;
				DEVELOPMENT_ASSET_PATHS = "\"MeetCos/Preview Content\"";
				DEVELOPMENT_TEAM = 8BG588F6G9;
				ENABLE_PREVIEWS = YES;
				GENERATE_INFOPLIST_FILE = YES;
				INFOPLIST_FILE = MeetCos/Info.plist;
				INFOPLIST_KEY_UIApplicationSceneManifest_Generation = YES;
				INFOPLIST_KEY_UIApplicationSupportsIndirectInputEvents = YES;
				INFOPLIST_KEY_UILaunchScreen_Generation = YES;
				INFOPLIST_KEY_UIStatusBarStyle = "";
				INFOPLIST_KEY_UISupportedInterfaceOrientations = UIInterfaceOrientationPortrait;
				IPHONEOS_DEPLOYMENT_TARGET = 16.1;
				LD_RUNPATH_SEARCH_PATHS = (
					"$(inherited)",
					"@executable_path/Frameworks",
				);
				MARKETING_VERSION = 1.0;
				PRODUCT_BUNDLE_IDENTIFIER = igarashi.MeetCos;
				PRODUCT_NAME = "$(TARGET_NAME)";
				SWIFT_EMIT_LOC_STRINGS = YES;
				SWIFT_VERSION = 5.0;
				TARGETED_DEVICE_FAMILY = "1,2";
			};
			name = Release;
		};
/* End XCBuildConfiguration section */

/* Begin XCConfigurationList section */
		1806350629569A540013369D /* Build configuration list for PBXProject "MeetCos" */ = {
			isa = XCConfigurationList;
			buildConfigurations = (
				1806351729569A560013369D /* Debug */,
				1806351829569A560013369D /* Release */,
			);
			defaultConfigurationIsVisible = 0;
			defaultConfigurationName = Release;
		};
		1806351929569A560013369D /* Build configuration list for PBXNativeTarget "MeetCos" */ = {
			isa = XCConfigurationList;
			buildConfigurations = (
				1806351A29569A560013369D /* Debug */,
				1806351B29569A560013369D /* Release */,
			);
			defaultConfigurationIsVisible = 0;
			defaultConfigurationName = Release;
		};
/* End XCConfigurationList section */

/* Begin XCRemoteSwiftPackageReference section */
		189DDFE22A10D85300CB6FB4 /* XCRemoteSwiftPackageReference "lottie-ios" */ = {
			isa = XCRemoteSwiftPackageReference;
			repositoryURL = "https://github.com/airbnb/lottie-ios.git";
			requirement = {
				kind = upToNextMajorVersion;
				minimumVersion = 4.0.0;
			};
		};
/* End XCRemoteSwiftPackageReference section */

/* Begin XCSwiftPackageProductDependency section */
		189DDFE32A10D85300CB6FB4 /* Lottie */ = {
			isa = XCSwiftPackageProductDependency;
			package = 189DDFE22A10D85300CB6FB4 /* XCRemoteSwiftPackageReference "lottie-ios" */;
			productName = Lottie;
		};
/* End XCSwiftPackageProductDependency section */

/* Begin XCVersionGroup section */
		18D0679129B15C1200B594C7 /* CoreData.xcdatamodeld */ = {
			isa = XCVersionGroup;
			children = (
				18D0679229B15C1200B594C7 /* CoreData.xcdatamodel */,
			);
			currentVersion = 18D0679229B15C1200B594C7 /* CoreData.xcdatamodel */;
			path = CoreData.xcdatamodeld;
			sourceTree = "<group>";
			versionGroupType = wrapper.xcdatamodel;
		};
/* End XCVersionGroup section */
	};
	rootObject = 1806350329569A540013369D /* Project object */;
}
